# THIS IS AN AUTOGENERATED FILE. DO NOT EDIT THIS FILE DIRECTLY.
# yarn lockfile v1


lodash@4.1.x:
  version "4.1.0"
  resolved "http://npm-registry.mymbpanel.com:4873/lodash/-/lodash-4.1.0.tgz#299894283de01a9eefbedff4c4b9b00a6a2e6e96"

minimist@^1.2.0:
  version "1.2.0"
  resolved "http://npm-registry.mymbpanel.com:4873/minimist/-/minimist-1.2.0.tgz#a35008b20f41383eec1fb914f4cd5df79a264284"

repl.history@^0.1.4:
  version "0.1.4"
  resolved "http://npm-registry.mymbpanel.com:4873/repl.history/-/repl.history-0.1.4.tgz#80367171f3781d6e4299c71758c253097f5d5832"

sliced@0.0.x:
  version "0.0.5"
  resolved "http://npm-registry.mymbpanel.com:4873/sliced/-/sliced-0.0.5.tgz#5edc044ca4eb6f7816d50ba2fc63e25d8fe4707f"

sql@^0.76.1:
  version "0.76.1"
  resolved "http://npm-registry.mymbpanel.com:4873/sql/-/sql-0.76.1.tgz#b1a7ad2c24afd603e8e6291f9d51ea55365574cc"
  dependencies:
    lodash "4.1.x"
    sliced "0.0.x"
